<?xml version="1.0" encoding="UTF-8" standalone="yes" ?>
<CodeBlocks_project_file>
	<FileVersion major="1" minor="6" />
	<Project>
		<Option title="Jeu_Echecs" />
		<Option pch_mode="2" />
		<Option compiler="gcc" />
		<Build>
			<Target title="Debug">
				<Option output="bin/Debug/Jeu_Echecs" prefix_auto="1" extension_auto="1" />
				<Option object_output="obj/Debug/" />
				<Option type="1" />
				<Option compiler="gcc" />
				<Compiler>
					<Add option="-g" />
				</Compiler>
			</Target>
			<Target title="Release">
				<Option output="bin/Release/Jeu_Echecs" prefix_auto="1" extension_auto="1" />
				<Option object_output="obj/Release/" />
				<Option type="1" />
				<Option compiler="gcc" />
				<Compiler>
					<Add option="-O2" />
				</Compiler>
				<Linker>
					<Add option="-s" />
				</Linker>
			</Target>
		</Build>
		<Compiler>
			<Add option="-Wall" />
		</Compiler>
		<Linker>
			<Add library="C:/Program Files/CodeBlocks/SDL2-2.0.12/x86_64-w64-mingw32/lib/SDL2_ttf.lib" />
		</Linker>
		<Unit filename="IA.c">
			<Option compilerVar="CC" />
		</Unit>
		<Unit filename="IA.h" />
		<Unit filename="etatechec.c">
			<Option compilerVar="CC" />
		</Unit>
		<Unit filename="etatechec.h" />
		<Unit filename="initialisation.c">
			<Option compilerVar="CC" />
		</Unit>
		<Unit filename="initialisation.h" />
		<Unit filename="interface.c">
			<Option compilerVar="CC" />
		</Unit>
		<Unit filename="interface.h" />
		<Unit filename="main.c">
			<Option compilerVar="CC" />
		</Unit>
		<Unit filename="mouvements.c">
			<Option compilerVar="CC" />
		</Unit>
		<Unit filename="mouvements.h" />
		<Unit filename="pieces.c">
			<Option compilerVar="CC" />
		</Unit>
		<Unit filename="pieces.h" />
		<Unit filename="transformation.c">
			<Option compilerVar="CC" />
		</Unit>
		<Unit filename="transformation.h" />
		<Extensions>
			<lib_finder disable_auto="1" />
		</Extensions>
	</Project>
</CodeBlocks_project_file>
